{
  "nodes": {
    "dxgdrm": {
      "inputs": {
        "nixpkgs": [
          "nixpkgs"
        ]
      },
      "locked": {
        "lastModified": 1790364225,
        "narHash": "sha256-3xffn5SiXLlz6esxs2DuHABHg4GyQcsG/AFKfRopvTA=",
        "owner": "weaselway",
        "repo": "dxgdrm",
        "rev": "f9642eca45dfe1b5063cbdce565ccd339e319d77",
        "type": "github"
      },
      "original": {
        "owner": "weaselway",
        "repo": "dxgdrm",
        "type": "github"
      }
    },
    "flake-compat": {
      "flake": false,
      "locked": {
        "lastModified": 1767039857,
        "narHash": "sha256-vNpUSpF5Nuw8xvDLj2KCwwksIbjua2LZCqhV1LNRDns=",
        "owner": "edolstra",
        "repo": "flake-compat",
        "rev": "5edf11c44bc78a0d334f6334cdaf7d60d732daab",
        "type": "github"
      },
      "original": {
        "owner": "edolstra",
        "repo": "flake-compat",
        "type": "github"
      }
    },
    "mesa-src": {
      "flake": false,
      "locked": {
        "lastModified": 1790343140,
        "narHash": "sha256-X4+1z9yPHmp73GYP67+rYaJz7ojM8lfzBBTxke1CZu0=",
        "owner": "weaselway",
        "repo": "mesa",
        "rev": "93627c42715d185b6c818ef28953f84a1f134e61",
        "type": "github"
      },
      "original": {
        "owner": "weaselway",
        "ref": "mesa-26.2.1-wsl",
        "repo": "mesa",
        "type": "github"
      }
    },
    "mutter-src": {
      "flake": false,
      "locked": {
        "lastModified": 1790344381,
        "narHash": "sha256-mQnojDUyCTtN+qzIKPqIoTHogc84wh1/0w2HaUMBfF0=",
        "owner": "weaselway",
        "repo": "mutter",
        "rev": "a1a5066d904473e1799fb915433894a83ed769aa",
        "type": "github"
      },
      "original": {
        "owner": "weaselway",
        "ref": "50.4-wslg",
        "repo": "mutter",
        "type": "github"
      }
    },
    "nixos-wsl": {
      "inputs": {
        "flake-compat": "flake-compat",
        "nixpkgs": [
          "nixpkgs"
        ]
      },
      "locked": {
        "lastModified": 1789164534,
        "narHash": "sha256-DoYGPM6QpnYBLWj9gGw6ZwAzIX+HrAVov1BoT+8Jixo=",
        "owner": "nix-community",
        "repo": "NixOS-WSL",
        "rev": "72c92b11bb8289e6651c7fef29cc0a885fd6a255",
        "type": "github"
      },
      "original": {
        "owner": "nix-community",
        "repo": "NixOS-WSL",
        "type": "github"
      }
    },
    "nixpkgs": {
      "locked": {
        "lastModified": 1790218706,
        "narHash": "sha256-6e4Na3z008XpdVyOXgfasXIn1aN+z8AXFG+jXdQSyuI=",
        "owner": "NixOS",
        "repo": "nixpkgs",
        "rev": "c508844df6c28fa6dabc1b6af70f3ccbd65c5201",
        "type": "github"
      },
      "original": {
        "owner": "NixOS",
        "ref": "nixos-26.05",
        "repo": "nixpkgs",
        "type": "github"
      }
    },
    "root": {
      "inputs": {
        "dxgdrm": "dxgdrm",
        "mesa-src": "mesa-src",
        "mutter-src": "mutter-src",
        "nixos-wsl": "nixos-wsl",
        "nixpkgs": "nixpkgs"
      }
    }
  },
  "root": "root",
  "version": 7
}
