{
  "nodes": {
    "dxgdrm": {
      "inputs": {
        "nixpkgs": [
          "nixpkgs"
        ]
      },
      "locked": {
        "lastModified": 1791453679,
        "narHash": "sha256-J4XfJA55gJxKyjJmf0DYnoHDmvc2OAwXuSaBx9Mklq8=",
        "owner": "weaselway",
        "repo": "dxgdrm",
        "rev": "6c458da2d9509f757306223871db065d03372691",
        "type": "github"
      },
      "original": {
        "owner": "weaselway",
        "repo": "dxgdrm",
        "type": "github"
      }
    },
    "flake-compat": {
      "flake": false,
      "locked": {
        "lastModified": 1767039857,
        "narHash": "sha256-vNpUSpF5Nuw8xvDLj2KCwwksIbjua2LZCqhV1LNRDns=",
        "owner": "edolstra",
        "repo": "flake-compat",
        "rev": "5edf11c44bc78a0d334f6334cdaf7d60d732daab",
        "type": "github"
      },
      "original": {
        "owner": "edolstra",
        "repo": "flake-compat",
        "type": "github"
      }
    },
    "freerdp": {
      "inputs": {
        "nixpkgs": [
          "nixpkgs"
        ]
      },
      "locked": {
        "lastModified": 1791219428,
        "narHash": "sha256-Z7F359glKzgP9fTylg4mm6hlwIEQek7TQgjYlncsUpM=",
        "ref": "main",
        "rev": "213f4e65baa47910d898d2c967ee69b55984bb7c",
        "shallow": true,
        "type": "git",
        "url": "https://github.com/weaselway/freerdp"
      },
      "original": {
        "ref": "main",
        "shallow": true,
        "type": "git",
        "url": "https://github.com/weaselway/freerdp"
      }
    },
    "mesa-src": {
      "flake": false,
      "locked": {
        "lastModified": 1791121856,
        "narHash": "sha256-wdSaoJO0znYKOUD/lCoIwbSG74mCFxoniVqDR7mvLFg=",
        "ref": "mesa-26.2.1-wsl",
        "rev": "fb96dd2b23ad9fe73990a929b20853f3ea0c27d1",
        "shallow": true,
        "type": "git",
        "url": "https://github.com/weaselway/mesa"
      },
      "original": {
        "ref": "mesa-26.2.1-wsl",
        "shallow": true,
        "type": "git",
        "url": "https://github.com/weaselway/mesa"
      }
    },
    "nixos-wsl": {
      "inputs": {
        "flake-compat": "flake-compat",
        "nixpkgs": [
          "nixpkgs"
        ]
      },
      "locked": {
        "lastModified": 1789164534,
        "narHash": "sha256-DoYGPM6QpnYBLWj9gGw6ZwAzIX+HrAVov1BoT+8Jixo=",
        "owner": "nix-community",
        "repo": "NixOS-WSL",
        "rev": "72c92b11bb8289e6651c7fef29cc0a885fd6a255",
        "type": "github"
      },
      "original": {
        "owner": "nix-community",
        "repo": "NixOS-WSL",
        "type": "github"
      }
    },
    "nixpkgs": {
      "locked": {
        "lastModified": 1791143449,
        "narHash": "sha256-9+n3ReS2y9xS199LoJjKUWHwZrISGHWgkD/LUZTDZyA=",
        "owner": "NixOS",
        "repo": "nixpkgs",
        "rev": "0d9e9b832d03ac387417e16ce1febf73b2e631e1",
        "type": "github"
      },
      "original": {
        "owner": "NixOS",
        "ref": "nixos-26.05",
        "repo": "nixpkgs",
        "type": "github"
      }
    },
    "root": {
      "inputs": {
        "dxgdrm": "dxgdrm",
        "freerdp": "freerdp",
        "mesa-src": "mesa-src",
        "nixos-wsl": "nixos-wsl",
        "nixpkgs": "nixpkgs"
      }
    }
  },
  "root": "root",
  "version": 7
}
