{
  "nodes": {
    "dxgdrm": {
      "inputs": {
        "nixpkgs": [
          "nixpkgs"
        ]
      },
      "locked": {
        "lastModified": 1791125534,
        "narHash": "sha256-6Oik4I1oAlaiRno61AJ6yo2iREJjQ+uHnE5Togx3a+A=",
        "owner": "weaselway",
        "repo": "dxgdrm",
        "rev": "65746e2c86f881f18ee7798b9df736324e1fdfa2",
        "type": "github"
      },
      "original": {
        "owner": "weaselway",
        "repo": "dxgdrm",
        "type": "github"
      }
    },
    "flake-compat": {
      "flake": false,
      "locked": {
        "lastModified": 1767039857,
        "narHash": "sha256-vNpUSpF5Nuw8xvDLj2KCwwksIbjua2LZCqhV1LNRDns=",
        "owner": "edolstra",
        "repo": "flake-compat",
        "rev": "5edf11c44bc78a0d334f6334cdaf7d60d732daab",
        "type": "github"
      },
      "original": {
        "owner": "edolstra",
        "repo": "flake-compat",
        "type": "github"
      }
    },
    "freerdp": {
      "inputs": {
        "nixpkgs": [
          "nixpkgs"
        ]
      },
      "locked": {
        "lastModified": 1791125041,
        "narHash": "sha256-XTUWI2Gk4Br6uS+qE9f5S6epiax5SpsdWR1nqJ0N3lc=",
        "ref": "main",
        "rev": "d2ea2257406869501f7197b6dca5a08f92487186",
        "shallow": true,
        "type": "git",
        "url": "https://github.com/weaselway/freerdp"
      },
      "original": {
        "ref": "main",
        "shallow": true,
        "type": "git",
        "url": "https://github.com/weaselway/freerdp"
      }
    },
    "mesa-src": {
      "flake": false,
      "locked": {
        "lastModified": 1791121856,
        "narHash": "sha256-wdSaoJO0znYKOUD/lCoIwbSG74mCFxoniVqDR7mvLFg=",
        "ref": "mesa-26.2.1-wsl",
        "rev": "4a4014c1d6cb8dcc330bbea1e8e821d8f5490423",
        "shallow": true,
        "type": "git",
        "url": "https://github.com/weaselway/mesa"
      },
      "original": {
        "ref": "mesa-26.2.1-wsl",
        "shallow": true,
        "type": "git",
        "url": "https://github.com/weaselway/mesa"
      }
    },
    "nixos-wsl": {
      "inputs": {
        "flake-compat": "flake-compat",
        "nixpkgs": [
          "nixpkgs"
        ]
      },
      "locked": {
        "lastModified": 1789164534,
        "narHash": "sha256-DoYGPM6QpnYBLWj9gGw6ZwAzIX+HrAVov1BoT+8Jixo=",
        "owner": "nix-community",
        "repo": "NixOS-WSL",
        "rev": "72c92b11bb8289e6651c7fef29cc0a885fd6a255",
        "type": "github"
      },
      "original": {
        "owner": "nix-community",
        "repo": "NixOS-WSL",
        "type": "github"
      }
    },
    "nixpkgs": {
      "locked": {
        "lastModified": 1790218706,
        "narHash": "sha256-6e4Na3z008XpdVyOXgfasXIn1aN+z8AXFG+jXdQSyuI=",
        "owner": "NixOS",
        "repo": "nixpkgs",
        "rev": "c508844df6c28fa6dabc1b6af70f3ccbd65c5201",
        "type": "github"
      },
      "original": {
        "owner": "NixOS",
        "ref": "nixos-26.05",
        "repo": "nixpkgs",
        "type": "github"
      }
    },
    "root": {
      "inputs": {
        "dxgdrm": "dxgdrm",
        "freerdp": "freerdp",
        "mesa-src": "mesa-src",
        "nixos-wsl": "nixos-wsl",
        "nixpkgs": "nixpkgs"
      }
    }
  },
  "root": "root",
  "version": 7
}
